
Microsoft Visual Studio Solution File, Format Version 12.00
# Visual Studio Version 17
VisualStudioVersion = 17.14.36429.23
MinimumVisualStudioVersion = 10.0.40219.1
Project("{2150E333-8FDC-42A3-9474-1A3956D46DE8}") = "Task0", "Task0", "{02EA681E-C7D8-13C7-8484-4AC65E1B71E8}"
EndProject
Project("{FAE04EC0-301F-11D3-BF4B-00C04F79EFBC}") = "Tyuiu.GalchinskayaVV.Sprint2.Task0.V7", "Tyuiu.GalchinskayaVV.Sprint1.Task0.V7\Tyuiu.GalchinskayaVV.Sprint2.Task0.V7.csproj", "{98C390C9-1396-4EA4-8BD8-D35619E6DFC5}"
EndProject
Project("{FAE04EC0-301F-11D3-BF4B-00C04F79EFBC}") = "Tyuiu.GalchinskayaVV.Sprint2.Task0.V7.Test", "Tyuiu.GalchinskayaVV.Sprint2.Task0.V7.Test\Tyuiu.GalchinskayaVV.Sprint2.Task0.V7.Test.csproj", "{60C8A915-877F-40CF-95E0-37E7F68961D2}"
EndProject
Project("{FAE04EC0-301F-11D3-BF4B-00C04F79EFBC}") = "Tyuiu.GalchinskayaVV.Sprint2.Task0.V7.Lib", "Tyuiu.GalchinskayaVV.Sprint2.Task0.V7.Lib\Tyuiu.GalchinskayaVV.Sprint2.Task0.V7.Lib.csproj", "{69DAA6F9-F707-4A7B-A22B-6B90367B8A61}"
EndProject
Project("{2150E333-8FDC-42A3-9474-1A3956D46DE8}") = "Task1", "Task1", "{BE5C86E7-4C0C-4477-BB2C-8B2CE8BE0268}"
EndProject
Project("{FAE04EC0-301F-11D3-BF4B-00C04F79EFBC}") = "Tyuiu.GalchinskayaVV.Sprint2.Task1.V17.Test", "Tyuiu.GalchinskayaVV.Sprint2.Task1.V17.Test\Tyuiu.GalchinskayaVV.Sprint2.Task1.V17.Test.csproj", "{049192FA-F598-4302-A7E0-A530F2ABE71F}"
EndProject
Project("{FAE04EC0-301F-11D3-BF4B-00C04F79EFBC}") = "Tyuiu.GalchinskayaVV.Sprint2.Task1.V17.Lib", "Tyuiu.GalchinskayaVV.Sprint2.Task1.V17.Lib\Tyuiu.GalchinskayaVV.Sprint2.Task1.V17.Lib.csproj", "{9605EB13-6A10-44E6-8849-B64BF623D6F1}"
EndProject
Project("{FAE04EC0-301F-11D3-BF4B-00C04F79EFBC}") = "Tyuiu.GalchinskayaVV.Sprint2.Task1.V17", "Tyuiu.GalchinskayaVV.Sprint2.Task1.V17\Tyuiu.GalchinskayaVV.Sprint2.Task1.V17.csproj", "{964474E7-B8E3-4E29-BF17-A281E86C45A4}"
EndProject
Project("{2150E333-8FDC-42A3-9474-1A3956D46DE8}") = "Task4", "Task4", "{119386C4-4E66-4298-8217-4B525C3CFC8D}"
EndProject
Project("{2150E333-8FDC-42A3-9474-1A3956D46DE8}") = "Task2", "Task2", "{5F5D8D3C-D34D-4A63-8152-5C99CFA1895B}"
EndProject
Project("{FAE04EC0-301F-11D3-BF4B-00C04F79EFBC}") = "Tyuiu.GalchinskayaVV.Sprint2.Task2.V16.Test", "Tyuiu.GalchinskayaVV.Sprint2.Task2.V16.Test\Tyuiu.GalchinskayaVV.Sprint2.Task2.V16.Test.csproj", "{B7844DF6-0C3F-4B52-813B-73A815C97A9A}"
EndProject
Project("{FAE04EC0-301F-11D3-BF4B-00C04F79EFBC}") = "Tyuiu.GalchinskayaVV.Sprint2.Task2.V16.Lib", "Tyuiu.GalchinskayaVV.Sprint2.Task2.V16.Lib\Tyuiu.GalchinskayaVV.Sprint2.Task2.V16.Lib.csproj", "{FC12E309-5496-4906-A028-3634C1B4BD7D}"
EndProject
Project("{FAE04EC0-301F-11D3-BF4B-00C04F79EFBC}") = "Tyuiu.GalchinskayaVV.Sprint2.Task2.V16", "Tyuiu.GalchinskayaVV.Sprint2.Task2.V16\Tyuiu.GalchinskayaVV.Sprint2.Task2.V16.csproj", "{52357F50-E41D-4F24-B4EA-9CC58459B5E4}"
EndProject
Project("{2150E333-8FDC-42A3-9474-1A3956D46DE8}") = "Task3", "Task3", "{5F45D98E-D9E1-40DD-8FB3-F0231DE2CEDA}"
EndProject
Project("{FAE04EC0-301F-11D3-BF4B-00C04F79EFBC}") = "Tyuiu.GalchinskayaVV.Sprint2.Task3.V4", "Tyuiu.GalchinskayaVV.Sprint2.Task3.V4\Tyuiu.GalchinskayaVV.Sprint2.Task3.V4.csproj", "{0CD3CFF9-8EEE-46EB-99D3-2D1F8D8DAB5D}"
EndProject
Project("{FAE04EC0-301F-11D3-BF4B-00C04F79EFBC}") = "Tyuiu.GalchinskayaVV.Sprint2.Task3.V4.Lib", "Tyuiu.GalchinskayaVV.Sprint2.Task3.V4.Lib\Tyuiu.GalchinskayaVV.Sprint2.Task3.V4.Lib.csproj", "{0FEB2D4D-8E72-4065-84A7-38BF49075548}"
EndProject
Project("{FAE04EC0-301F-11D3-BF4B-00C04F79EFBC}") = "Tyuiu.GalchinskayaVV.Sprint2.Task3.V4.Test", "Tyuiu.GalchinskayaVV.Sprint2.Task3.V4.Test\Tyuiu.GalchinskayaVV.Sprint2.Task3.V4.Test.csproj", "{3F2CE91D-584C-4FB2-99F9-BFE2B048F011}"
EndProject
Project("{FAE04EC0-301F-11D3-BF4B-00C04F79EFBC}") = "Tyuiu.GalchinskayaVV.Sprint2.Task4.V3.Test", "Tyuiu.GalchinskayaVV.Sprint2.Task4.V3.Test\Tyuiu.GalchinskayaVV.Sprint2.Task4.V3.Test.csproj", "{96FFDF9D-CF0A-4A76-A02F-81B3CACD8DC7}"
EndProject
Project("{FAE04EC0-301F-11D3-BF4B-00C04F79EFBC}") = "Tyuiu.GalchinskayaVV.Sprint2.Task4.V3.Lib", "Tyuiu.GalchinskayaVV.Sprint2.Task4.V3.Lib\Tyuiu.GalchinskayaVV.Sprint2.Task4.V3.Lib.csproj", "{E4394FD3-1A26-4B19-B0F4-3DFEAF0DD0B4}"
EndProject
Project("{FAE04EC0-301F-11D3-BF4B-00C04F79EFBC}") = "Tyuiu.GalchinskayaVV.Sprint2.Task4.V3", "Tyuiu.GalchinskayaVV.Sprint2.Task4.V3\Tyuiu.GalchinskayaVV.Sprint2.Task4.V3.csproj", "{DE87EA48-E63B-4FD6-96BE-3E8B286783C1}"
EndProject
Project("{2150E333-8FDC-42A3-9474-1A3956D46DE8}") = "Task5", "Task5", "{8F0072FA-5EA1-430D-9686-47C65591B820}"
EndProject
Project("{FAE04EC0-301F-11D3-BF4B-00C04F79EFBC}") = "Tyuiu.GalchinskayaVV.Sprint2.Task5.V2", "Tyuiu.GalchinskayaVV.Sprint2.Task5.V2\Tyuiu.GalchinskayaVV.Sprint2.Task5.V2.csproj", "{58BAB78E-A815-419D-BF2B-2F4CC759EB76}"
EndProject
Project("{FAE04EC0-301F-11D3-BF4B-00C04F79EFBC}") = "Tyuiu.GalchinskayaVV.Sprint2.Task5.V2.Lib", "Tyuiu.GalchinskayaVV.Sprint2.Task5.V2.Lib\Tyuiu.GalchinskayaVV.Sprint2.Task5.V2.Lib.csproj", "{B18D55F9-154A-4EDE-9EC5-563100A2F84B}"
EndProject
Project("{FAE04EC0-301F-11D3-BF4B-00C04F79EFBC}") = "Tyuiu.GalchinskayaVV.Sprint2.Task5.V2.Test", "Tyuiu.GalchinskayaVV.Sprint2.Task5.V2.Test\Tyuiu.GalchinskayaVV.Sprint2.Task5.V2.Test.csproj", "{1F39CE47-42BD-4CF8-BD72-21449D8A3A8D}"
EndProject
Project("{2150E333-8FDC-42A3-9474-1A3956D46DE8}") = "Task6", "Task6", "{E0CFAB6D-682B-45BF-9D59-39B8A500389E}"
EndProject
Project("{FAE04EC0-301F-11D3-BF4B-00C04F79EFBC}") = "Tyuiu.GalchinskayaVV.Sprint2.Task6.V15.Test", "Tyuiu.GalchinskayaVV.Sprint2.Task6.V15.Test\Tyuiu.GalchinskayaVV.Sprint2.Task6.V15.Test.csproj", "{E0F2D519-D0BE-46D5-A16F-0414A1C11B5A}"
EndProject
Project("{FAE04EC0-301F-11D3-BF4B-00C04F79EFBC}") = "Tyuiu.GalchinskayaVV.Sprint2.Task6.V15.Lib", "Tyuiu.GalchinskayaVV.Sprint2.Task6.V15.Lib\Tyuiu.GalchinskayaVV.Sprint2.Task6.V15.Lib.csproj", "{48D450D2-881B-4B1C-8BE5-20BD7D65E3D6}"
EndProject
Project("{FAE04EC0-301F-11D3-BF4B-00C04F79EFBC}") = "Tyuiu.GalchinskayaVV.Sprint2.Task6.V15", "Tyuiu.GalchinskayaVV.Sprint2.Task6.V15\Tyuiu.GalchinskayaVV.Sprint2.Task6.V15.csproj", "{6B6C9040-557B-4163-B291-EA2DC6B4A508}"
EndProject
Project("{2150E333-8FDC-42A3-9474-1A3956D46DE8}") = "Task7", "Task7", "{703F1040-0413-4BF6-B658-5ED454E1CB2D}"
EndProject
Project("{FAE04EC0-301F-11D3-BF4B-00C04F79EFBC}") = "Tyuiu.GalchinskayaVV.Sprint2.Task7.V2", "Tyuiu.GalchinskayaVV.Sprint2.Task7.V2\Tyuiu.GalchinskayaVV.Sprint2.Task7.V2.csproj", "{BA66F98C-B7C5-45A3-883C-0299EAF1C923}"
EndProject
Project("{FAE04EC0-301F-11D3-BF4B-00C04F79EFBC}") = "Tyuiu.GalchinskayaVV.Sprint2.Task7.V2.Lib", "Tyuiu.GalchinskayaVV.Sprint2.Task7.V2.Lib\Tyuiu.GalchinskayaVV.Sprint2.Task7.V2.Lib.csproj", "{A733D248-0B57-4B76-A738-AD42296D3D4E}"
EndProject
Project("{FAE04EC0-301F-11D3-BF4B-00C04F79EFBC}") = "Tyuiu.GalchinskayaVV.Sprint2.Task7.V2.Test", "Tyuiu.GalchinskayaVV.Sprint2.Task7.V2.Test\Tyuiu.GalchinskayaVV.Sprint2.Task7.V2.Test.csproj", "{693744BD-A2CB-4D8C-B17D-CCFBF21ACF90}"
EndProject
Global
	GlobalSection(SolutionConfigurationPlatforms) = preSolution
		Debug|Any CPU = Debug|Any CPU
		Release|Any CPU = Release|Any CPU
	EndGlobalSection
	GlobalSection(ProjectConfigurationPlatforms) = postSolution
		{98C390C9-1396-4EA4-8BD8-D35619E6DFC5}.Debug|Any CPU.ActiveCfg = Debug|Any CPU
		{98C390C9-1396-4EA4-8BD8-D35619E6DFC5}.Debug|Any CPU.Build.0 = Debug|Any CPU
		{98C390C9-1396-4EA4-8BD8-D35619E6DFC5}.Release|Any CPU.ActiveCfg = Release|Any CPU
		{98C390C9-1396-4EA4-8BD8-D35619E6DFC5}.Release|Any CPU.Build.0 = Release|Any CPU
		{60C8A915-877F-40CF-95E0-37E7F68961D2}.Debug|Any CPU.ActiveCfg = Debug|Any CPU
		{60C8A915-877F-40CF-95E0-37E7F68961D2}.Debug|Any CPU.Build.0 = Debug|Any CPU
		{60C8A915-877F-40CF-95E0-37E7F68961D2}.Release|Any CPU.ActiveCfg = Release|Any CPU
		{60C8A915-877F-40CF-95E0-37E7F68961D2}.Release|Any CPU.Build.0 = Release|Any CPU
		{69DAA6F9-F707-4A7B-A22B-6B90367B8A61}.Debug|Any CPU.ActiveCfg = Debug|Any CPU
		{69DAA6F9-F707-4A7B-A22B-6B90367B8A61}.Debug|Any CPU.Build.0 = Debug|Any CPU
		{69DAA6F9-F707-4A7B-A22B-6B90367B8A61}.Release|Any CPU.ActiveCfg = Release|Any CPU
		{69DAA6F9-F707-4A7B-A22B-6B90367B8A61}.Release|Any CPU.Build.0 = Release|Any CPU
		{049192FA-F598-4302-A7E0-A530F2ABE71F}.Debug|Any CPU.ActiveCfg = Debug|Any CPU
		{049192FA-F598-4302-A7E0-A530F2ABE71F}.Debug|Any CPU.Build.0 = Debug|Any CPU
		{049192FA-F598-4302-A7E0-A530F2ABE71F}.Release|Any CPU.ActiveCfg = Release|Any CPU
		{049192FA-F598-4302-A7E0-A530F2ABE71F}.Release|Any CPU.Build.0 = Release|Any CPU
		{9605EB13-6A10-44E6-8849-B64BF623D6F1}.Debug|Any CPU.ActiveCfg = Debug|Any CPU
		{9605EB13-6A10-44E6-8849-B64BF623D6F1}.Debug|Any CPU.Build.0 = Debug|Any CPU
		{9605EB13-6A10-44E6-8849-B64BF623D6F1}.Release|Any CPU.ActiveCfg = Release|Any CPU
		{9605EB13-6A10-44E6-8849-B64BF623D6F1}.Release|Any CPU.Build.0 = Release|Any CPU
		{964474E7-B8E3-4E29-BF17-A281E86C45A4}.Debug|Any CPU.ActiveCfg = Debug|Any CPU
		{964474E7-B8E3-4E29-BF17-A281E86C45A4}.Debug|Any CPU.Build.0 = Debug|Any CPU
		{964474E7-B8E3-4E29-BF17-A281E86C45A4}.Release|Any CPU.ActiveCfg = Release|Any CPU
		{964474E7-B8E3-4E29-BF17-A281E86C45A4}.Release|Any CPU.Build.0 = Release|Any CPU
		{B7844DF6-0C3F-4B52-813B-73A815C97A9A}.Debug|Any CPU.ActiveCfg = Debug|Any CPU
		{B7844DF6-0C3F-4B52-813B-73A815C97A9A}.Debug|Any CPU.Build.0 = Debug|Any CPU
		{B7844DF6-0C3F-4B52-813B-73A815C97A9A}.Release|Any CPU.ActiveCfg = Release|Any CPU
		{B7844DF6-0C3F-4B52-813B-73A815C97A9A}.Release|Any CPU.Build.0 = Release|Any CPU
		{FC12E309-5496-4906-A028-3634C1B4BD7D}.Debug|Any CPU.ActiveCfg = Debug|Any CPU
		{FC12E309-5496-4906-A028-3634C1B4BD7D}.Debug|Any CPU.Build.0 = Debug|Any CPU
		{FC12E309-5496-4906-A028-3634C1B4BD7D}.Release|Any CPU.ActiveCfg = Release|Any CPU
		{FC12E309-5496-4906-A028-3634C1B4BD7D}.Release|Any CPU.Build.0 = Release|Any CPU
		{52357F50-E41D-4F24-B4EA-9CC58459B5E4}.Debug|Any CPU.ActiveCfg = Debug|Any CPU
		{52357F50-E41D-4F24-B4EA-9CC58459B5E4}.Debug|Any CPU.Build.0 = Debug|Any CPU
		{52357F50-E41D-4F24-B4EA-9CC58459B5E4}.Release|Any CPU.ActiveCfg = Release|Any CPU
		{52357F50-E41D-4F24-B4EA-9CC58459B5E4}.Release|Any CPU.Build.0 = Release|Any CPU
		{0CD3CFF9-8EEE-46EB-99D3-2D1F8D8DAB5D}.Debug|Any CPU.ActiveCfg = Debug|Any CPU
		{0CD3CFF9-8EEE-46EB-99D3-2D1F8D8DAB5D}.Debug|Any CPU.Build.0 = Debug|Any CPU
		{0CD3CFF9-8EEE-46EB-99D3-2D1F8D8DAB5D}.Release|Any CPU.ActiveCfg = Release|Any CPU
		{0CD3CFF9-8EEE-46EB-99D3-2D1F8D8DAB5D}.Release|Any CPU.Build.0 = Release|Any CPU
		{0FEB2D4D-8E72-4065-84A7-38BF49075548}.Debug|Any CPU.ActiveCfg = Debug|Any CPU
		{0FEB2D4D-8E72-4065-84A7-38BF49075548}.Debug|Any CPU.Build.0 = Debug|Any CPU
		{0FEB2D4D-8E72-4065-84A7-38BF49075548}.Release|Any CPU.ActiveCfg = Release|Any CPU
		{0FEB2D4D-8E72-4065-84A7-38BF49075548}.Release|Any CPU.Build.0 = Release|Any CPU
		{3F2CE91D-584C-4FB2-99F9-BFE2B048F011}.Debug|Any CPU.ActiveCfg = Debug|Any CPU
		{3F2CE91D-584C-4FB2-99F9-BFE2B048F011}.Debug|Any CPU.Build.0 = Debug|Any CPU
		{3F2CE91D-584C-4FB2-99F9-BFE2B048F011}.Release|Any CPU.ActiveCfg = Release|Any CPU
		{3F2CE91D-584C-4FB2-99F9-BFE2B048F011}.Release|Any CPU.Build.0 = Release|Any CPU
		{96FFDF9D-CF0A-4A76-A02F-81B3CACD8DC7}.Debug|Any CPU.ActiveCfg = Debug|Any CPU
		{96FFDF9D-CF0A-4A76-A02F-81B3CACD8DC7}.Debug|Any CPU.Build.0 = Debug|Any CPU
		{96FFDF9D-CF0A-4A76-A02F-81B3CACD8DC7}.Release|Any CPU.ActiveCfg = Release|Any CPU
		{96FFDF9D-CF0A-4A76-A02F-81B3CACD8DC7}.Release|Any CPU.Build.0 = Release|Any CPU
		{E4394FD3-1A26-4B19-B0F4-3DFEAF0DD0B4}.Debug|Any CPU.ActiveCfg = Debug|Any CPU
		{E4394FD3-1A26-4B19-B0F4-3DFEAF0DD0B4}.Debug|Any CPU.Build.0 = Debug|Any CPU
		{E4394FD3-1A26-4B19-B0F4-3DFEAF0DD0B4}.Release|Any CPU.ActiveCfg = Release|Any CPU
		{E4394FD3-1A26-4B19-B0F4-3DFEAF0DD0B4}.Release|Any CPU.Build.0 = Release|Any CPU
		{DE87EA48-E63B-4FD6-96BE-3E8B286783C1}.Debug|Any CPU.ActiveCfg = Debug|Any CPU
		{DE87EA48-E63B-4FD6-96BE-3E8B286783C1}.Debug|Any CPU.Build.0 = Debug|Any CPU
		{DE87EA48-E63B-4FD6-96BE-3E8B286783C1}.Release|Any CPU.ActiveCfg = Release|Any CPU
		{DE87EA48-E63B-4FD6-96BE-3E8B286783C1}.Release|Any CPU.Build.0 = Release|Any CPU
		{58BAB78E-A815-419D-BF2B-2F4CC759EB76}.Debug|Any CPU.ActiveCfg = Debug|Any CPU
		{58BAB78E-A815-419D-BF2B-2F4CC759EB76}.Debug|Any CPU.Build.0 = Debug|Any CPU
		{58BAB78E-A815-419D-BF2B-2F4CC759EB76}.Release|Any CPU.ActiveCfg = Release|Any CPU
		{58BAB78E-A815-419D-BF2B-2F4CC759EB76}.Release|Any CPU.Build.0 = Release|Any CPU
		{B18D55F9-154A-4EDE-9EC5-563100A2F84B}.Debug|Any CPU.ActiveCfg = Debug|Any CPU
		{B18D55F9-154A-4EDE-9EC5-563100A2F84B}.Debug|Any CPU.Build.0 = Debug|Any CPU
		{B18D55F9-154A-4EDE-9EC5-563100A2F84B}.Release|Any CPU.ActiveCfg = Release|Any CPU
		{B18D55F9-154A-4EDE-9EC5-563100A2F84B}.Release|Any CPU.Build.0 = Release|Any CPU
		{1F39CE47-42BD-4CF8-BD72-21449D8A3A8D}.Debug|Any CPU.ActiveCfg = Debug|Any CPU
		{1F39CE47-42BD-4CF8-BD72-21449D8A3A8D}.Debug|Any CPU.Build.0 = Debug|Any CPU
		{1F39CE47-42BD-4CF8-BD72-21449D8A3A8D}.Release|Any CPU.ActiveCfg = Release|Any CPU
		{1F39CE47-42BD-4CF8-BD72-21449D8A3A8D}.Release|Any CPU.Build.0 = Release|Any CPU
		{E0F2D519-D0BE-46D5-A16F-0414A1C11B5A}.Debug|Any CPU.ActiveCfg = Debug|Any CPU
		{E0F2D519-D0BE-46D5-A16F-0414A1C11B5A}.Debug|Any CPU.Build.0 = Debug|Any CPU
		{E0F2D519-D0BE-46D5-A16F-0414A1C11B5A}.Release|Any CPU.ActiveCfg = Release|Any CPU
		{E0F2D519-D0BE-46D5-A16F-0414A1C11B5A}.Release|Any CPU.Build.0 = Release|Any CPU
		{48D450D2-881B-4B1C-8BE5-20BD7D65E3D6}.Debug|Any CPU.ActiveCfg = Debug|Any CPU
		{48D450D2-881B-4B1C-8BE5-20BD7D65E3D6}.Debug|Any CPU.Build.0 = Debug|Any CPU
		{48D450D2-881B-4B1C-8BE5-20BD7D65E3D6}.Release|Any CPU.ActiveCfg = Release|Any CPU
		{48D450D2-881B-4B1C-8BE5-20BD7D65E3D6}.Release|Any CPU.Build.0 = Release|Any CPU
		{6B6C9040-557B-4163-B291-EA2DC6B4A508}.Debug|Any CPU.ActiveCfg = Debug|Any CPU
		{6B6C9040-557B-4163-B291-EA2DC6B4A508}.Debug|Any CPU.Build.0 = Debug|Any CPU
		{6B6C9040-557B-4163-B291-EA2DC6B4A508}.Release|Any CPU.ActiveCfg = Release|Any CPU
		{6B6C9040-557B-4163-B291-EA2DC6B4A508}.Release|Any CPU.Build.0 = Release|Any CPU
		{BA66F98C-B7C5-45A3-883C-0299EAF1C923}.Debug|Any CPU.ActiveCfg = Debug|Any CPU
		{BA66F98C-B7C5-45A3-883C-0299EAF1C923}.Debug|Any CPU.Build.0 = Debug|Any CPU
		{BA66F98C-B7C5-45A3-883C-0299EAF1C923}.Release|Any CPU.ActiveCfg = Release|Any CPU
		{BA66F98C-B7C5-45A3-883C-0299EAF1C923}.Release|Any CPU.Build.0 = Release|Any CPU
		{A733D248-0B57-4B76-A738-AD42296D3D4E}.Debug|Any CPU.ActiveCfg = Debug|Any CPU
		{A733D248-0B57-4B76-A738-AD42296D3D4E}.Debug|Any CPU.Build.0 = Debug|Any CPU
		{A733D248-0B57-4B76-A738-AD42296D3D4E}.Release|Any CPU.ActiveCfg = Release|Any CPU
		{A733D248-0B57-4B76-A738-AD42296D3D4E}.Release|Any CPU.Build.0 = Release|Any CPU
		{693744BD-A2CB-4D8C-B17D-CCFBF21ACF90}.Debug|Any CPU.ActiveCfg = Debug|Any CPU
		{693744BD-A2CB-4D8C-B17D-CCFBF21ACF90}.Debug|Any CPU.Build.0 = Debug|Any CPU
		{693744BD-A2CB-4D8C-B17D-CCFBF21ACF90}.Release|Any CPU.ActiveCfg = Release|Any CPU
		{693744BD-A2CB-4D8C-B17D-CCFBF21ACF90}.Release|Any CPU.Build.0 = Release|Any CPU
	EndGlobalSection
	GlobalSection(SolutionProperties) = preSolution
		HideSolutionNode = FALSE
	EndGlobalSection
	GlobalSection(NestedProjects) = preSolution
		{98C390C9-1396-4EA4-8BD8-D35619E6DFC5} = {02EA681E-C7D8-13C7-8484-4AC65E1B71E8}
		{60C8A915-877F-40CF-95E0-37E7F68961D2} = {02EA681E-C7D8-13C7-8484-4AC65E1B71E8}
		{69DAA6F9-F707-4A7B-A22B-6B90367B8A61} = {02EA681E-C7D8-13C7-8484-4AC65E1B71E8}
		{049192FA-F598-4302-A7E0-A530F2ABE71F} = {BE5C86E7-4C0C-4477-BB2C-8B2CE8BE0268}
		{9605EB13-6A10-44E6-8849-B64BF623D6F1} = {BE5C86E7-4C0C-4477-BB2C-8B2CE8BE0268}
		{964474E7-B8E3-4E29-BF17-A281E86C45A4} = {BE5C86E7-4C0C-4477-BB2C-8B2CE8BE0268}
		{B7844DF6-0C3F-4B52-813B-73A815C97A9A} = {5F5D8D3C-D34D-4A63-8152-5C99CFA1895B}
		{FC12E309-5496-4906-A028-3634C1B4BD7D} = {5F5D8D3C-D34D-4A63-8152-5C99CFA1895B}
		{52357F50-E41D-4F24-B4EA-9CC58459B5E4} = {5F5D8D3C-D34D-4A63-8152-5C99CFA1895B}
		{0CD3CFF9-8EEE-46EB-99D3-2D1F8D8DAB5D} = {5F45D98E-D9E1-40DD-8FB3-F0231DE2CEDA}
		{0FEB2D4D-8E72-4065-84A7-38BF49075548} = {5F45D98E-D9E1-40DD-8FB3-F0231DE2CEDA}
		{3F2CE91D-584C-4FB2-99F9-BFE2B048F011} = {5F45D98E-D9E1-40DD-8FB3-F0231DE2CEDA}
		{96FFDF9D-CF0A-4A76-A02F-81B3CACD8DC7} = {119386C4-4E66-4298-8217-4B525C3CFC8D}
		{E4394FD3-1A26-4B19-B0F4-3DFEAF0DD0B4} = {119386C4-4E66-4298-8217-4B525C3CFC8D}
		{DE87EA48-E63B-4FD6-96BE-3E8B286783C1} = {119386C4-4E66-4298-8217-4B525C3CFC8D}
		{58BAB78E-A815-419D-BF2B-2F4CC759EB76} = {8F0072FA-5EA1-430D-9686-47C65591B820}
		{B18D55F9-154A-4EDE-9EC5-563100A2F84B} = {8F0072FA-5EA1-430D-9686-47C65591B820}
		{1F39CE47-42BD-4CF8-BD72-21449D8A3A8D} = {8F0072FA-5EA1-430D-9686-47C65591B820}
		{E0F2D519-D0BE-46D5-A16F-0414A1C11B5A} = {E0CFAB6D-682B-45BF-9D59-39B8A500389E}
		{48D450D2-881B-4B1C-8BE5-20BD7D65E3D6} = {E0CFAB6D-682B-45BF-9D59-39B8A500389E}
		{6B6C9040-557B-4163-B291-EA2DC6B4A508} = {E0CFAB6D-682B-45BF-9D59-39B8A500389E}
		{BA66F98C-B7C5-45A3-883C-0299EAF1C923} = {703F1040-0413-4BF6-B658-5ED454E1CB2D}
		{A733D248-0B57-4B76-A738-AD42296D3D4E} = {703F1040-0413-4BF6-B658-5ED454E1CB2D}
		{693744BD-A2CB-4D8C-B17D-CCFBF21ACF90} = {703F1040-0413-4BF6-B658-5ED454E1CB2D}
	EndGlobalSection
	GlobalSection(ExtensibilityGlobals) = postSolution
		SolutionGuid = {073728A4-7A0F-46BD-AACC-A95D025C5714}
	EndGlobalSection
EndGlobal
