
Microsoft Visual Studio Solution File, Format Version 12.00
# Visual Studio Version 17
VisualStudioVersion = 17.14.36429.23
MinimumVisualStudioVersion = 10.0.40219.1
Project("{2150E333-8FDC-42A3-9474-1A3956D46DE8}") = "Task0", "Task0", "{02EA681E-C7D8-13C7-8484-4AC65E1B71E8}"
EndProject
Project("{FAE04EC0-301F-11D3-BF4B-00C04F79EFBC}") = "Tyuiu.GalchinskayaVV.Sprint2.Task0.V7", "Tyuiu.GalchinskayaVV.Sprint1.Task0.V7\Tyuiu.GalchinskayaVV.Sprint2.Task0.V7.csproj", "{98C390C9-1396-4EA4-8BD8-D35619E6DFC5}"
EndProject
Project("{FAE04EC0-301F-11D3-BF4B-00C04F79EFBC}") = "Tyuiu.GalchinskayaVV.Sprint2.Task0.V7.Test", "Tyuiu.GalchinskayaVV.Sprint2.Task0.V7.Test\Tyuiu.GalchinskayaVV.Sprint2.Task0.V7.Test.csproj", "{60C8A915-877F-40CF-95E0-37E7F68961D2}"
EndProject
Project("{FAE04EC0-301F-11D3-BF4B-00C04F79EFBC}") = "Tyuiu.GalchinskayaVV.Sprint2.Task0.V7.Lib", "Tyuiu.GalchinskayaVV.Sprint2.Task0.V7.Lib\Tyuiu.GalchinskayaVV.Sprint2.Task0.V7.Lib.csproj", "{69DAA6F9-F707-4A7B-A22B-6B90367B8A61}"
EndProject
Global
	GlobalSection(SolutionConfigurationPlatforms) = preSolution
		Debug|Any CPU = Debug|Any CPU
		Release|Any CPU = Release|Any CPU
	EndGlobalSection
	GlobalSection(ProjectConfigurationPlatforms) = postSolution
		{98C390C9-1396-4EA4-8BD8-D35619E6DFC5}.Debug|Any CPU.ActiveCfg = Debug|Any CPU
		{98C390C9-1396-4EA4-8BD8-D35619E6DFC5}.Debug|Any CPU.Build.0 = Debug|Any CPU
		{98C390C9-1396-4EA4-8BD8-D35619E6DFC5}.Release|Any CPU.ActiveCfg = Release|Any CPU
		{98C390C9-1396-4EA4-8BD8-D35619E6DFC5}.Release|Any CPU.Build.0 = Release|Any CPU
		{60C8A915-877F-40CF-95E0-37E7F68961D2}.Debug|Any CPU.ActiveCfg = Debug|Any CPU
		{60C8A915-877F-40CF-95E0-37E7F68961D2}.Debug|Any CPU.Build.0 = Debug|Any CPU
		{60C8A915-877F-40CF-95E0-37E7F68961D2}.Release|Any CPU.ActiveCfg = Release|Any CPU
		{60C8A915-877F-40CF-95E0-37E7F68961D2}.Release|Any CPU.Build.0 = Release|Any CPU
		{69DAA6F9-F707-4A7B-A22B-6B90367B8A61}.Debug|Any CPU.ActiveCfg = Debug|Any CPU
		{69DAA6F9-F707-4A7B-A22B-6B90367B8A61}.Debug|Any CPU.Build.0 = Debug|Any CPU
		{69DAA6F9-F707-4A7B-A22B-6B90367B8A61}.Release|Any CPU.ActiveCfg = Release|Any CPU
		{69DAA6F9-F707-4A7B-A22B-6B90367B8A61}.Release|Any CPU.Build.0 = Release|Any CPU
	EndGlobalSection
	GlobalSection(SolutionProperties) = preSolution
		HideSolutionNode = FALSE
	EndGlobalSection
	GlobalSection(NestedProjects) = preSolution
		{98C390C9-1396-4EA4-8BD8-D35619E6DFC5} = {02EA681E-C7D8-13C7-8484-4AC65E1B71E8}
		{60C8A915-877F-40CF-95E0-37E7F68961D2} = {02EA681E-C7D8-13C7-8484-4AC65E1B71E8}
		{69DAA6F9-F707-4A7B-A22B-6B90367B8A61} = {02EA681E-C7D8-13C7-8484-4AC65E1B71E8}
	EndGlobalSection
	GlobalSection(ExtensibilityGlobals) = postSolution
		SolutionGuid = {073728A4-7A0F-46BD-AACC-A95D025C5714}
	EndGlobalSection
EndGlobal
